// !$*UTF8*$!
{
	archiveVersion = 1;
	classes = {
	};
	objectVersion = 56;
	objects = {

/* Begin PBXBuildFile section */
		292815D029F41748007EB6E0 /* BudgetVM.swift in Sources */ = {isa = PBXBuildFile; fileRef = 292815CF29F41748007EB6E0 /* BudgetVM.swift */; };
		292EDEFF2AB0FECB00E04723 /* Routes.swift in Sources */ = {isa = PBXBuildFile; fileRef = 292EDEFE2AB0FECB00E04723 /* Routes.swift */; };
		293A4D0129F1701E008AFECA /* GoogleService-Info.plist in Resources */ = {isa = PBXBuildFile; fileRef = 293A4D0029F1701E008AFECA /* GoogleService-Info.plist */; };
		293A4D0429F175C5008AFECA /* FirebaseAnalytics in Frameworks */ = {isa = PBXBuildFile; productRef = 293A4D0329F175C5008AFECA /* FirebaseAnalytics */; };
		293A4D0629F175C5008AFECA /* FirebaseAuth in Frameworks */ = {isa = PBXBuildFile; productRef = 293A4D0529F175C5008AFECA /* FirebaseAuth */; };
		293A4D0829F175C5008AFECA /* FirebaseFirestore in Frameworks */ = {isa = PBXBuildFile; productRef = 293A4D0729F175C5008AFECA /* FirebaseFirestore */; };
		293A4D0A29F1778D008AFECA /* AppDelegate.swift in Sources */ = {isa = PBXBuildFile; fileRef = 293A4D0929F1778D008AFECA /* AppDelegate.swift */; };
		293A4D0C29F17E6E008AFECA /* AddExpenseView.swift in Sources */ = {isa = PBXBuildFile; fileRef = 293A4D0B29F17E6E008AFECA /* AddExpenseView.swift */; };
		293A4D0E29F197A3008AFECA /* ExpensesVM.swift in Sources */ = {isa = PBXBuildFile; fileRef = 293A4D0D29F197A3008AFECA /* ExpensesVM.swift */; };
		295D28BD29EF337F008D9D7F /* ExpensesLedgerApp.swift in Sources */ = {isa = PBXBuildFile; fileRef = 295D28BC29EF337F008D9D7F /* ExpensesLedgerApp.swift */; };
		295D28BF29EF337F008D9D7F /* ContentView.swift in Sources */ = {isa = PBXBuildFile; fileRef = 295D28BE29EF337F008D9D7F /* ContentView.swift */; };
		295D28C129EF3380008D9D7F /* Assets.xcassets in Resources */ = {isa = PBXBuildFile; fileRef = 295D28C029EF3380008D9D7F /* Assets.xcassets */; };
		295D28C429EF3380008D9D7F /* Preview Assets.xcassets in Resources */ = {isa = PBXBuildFile; fileRef = 295D28C329EF3380008D9D7F /* Preview Assets.xcassets */; };
		295D28CB29EF37FB008D9D7F /* BudgetProgressBar.swift in Sources */ = {isa = PBXBuildFile; fileRef = 295D28CA29EF37FB008D9D7F /* BudgetProgressBar.swift */; };
		295D28CD29EF476B008D9D7F /* Expense.swift in Sources */ = {isa = PBXBuildFile; fileRef = 295D28CC29EF476B008D9D7F /* Expense.swift */; };
		297EDFC92A0A5E9D00BF2221 /* PasswordField.swift in Sources */ = {isa = PBXBuildFile; fileRef = 297EDFC82A0A5E9D00BF2221 /* PasswordField.swift */; };
		299EE44329F81D2D008217F7 /* AuthenticationManager.swift in Sources */ = {isa = PBXBuildFile; fileRef = 299EE44229F81D2D008217F7 /* AuthenticationManager.swift */; };
		299EE44529F82034008217F7 /* OnboardingViewModel.swift in Sources */ = {isa = PBXBuildFile; fileRef = 299EE44429F82034008217F7 /* OnboardingViewModel.swift */; };
		299EE44929F965C0008217F7 /* NavigationVM.swift in Sources */ = {isa = PBXBuildFile; fileRef = 299EE44829F965C0008217F7 /* NavigationVM.swift */; };
		299EE44B29FA926F008217F7 /* Sidebar.swift in Sources */ = {isa = PBXBuildFile; fileRef = 299EE44A29FA926F008217F7 /* Sidebar.swift */; };
		29A11CFC2A05662500773B85 /* ForgotPasswordView.swift in Sources */ = {isa = PBXBuildFile; fileRef = 29A11CFB2A05662500773B85 /* ForgotPasswordView.swift */; };
		29A11CFE2A056FCD00773B85 /* NavigationConstants.swift in Sources */ = {isa = PBXBuildFile; fileRef = 29A11CFD2A056FCD00773B85 /* NavigationConstants.swift */; };
		29A11D002A05758000773B85 /* ExpenseDetailsView.swift in Sources */ = {isa = PBXBuildFile; fileRef = 29A11CFF2A05758000773B85 /* ExpenseDetailsView.swift */; };
		29B75C4129FE8E69003923C4 /* ActivityView.swift in Sources */ = {isa = PBXBuildFile; fileRef = 29B75C4029FE8E69003923C4 /* ActivityView.swift */; };
		29DEF9782A015FB800AC2338 /* ProfileVM.swift in Sources */ = {isa = PBXBuildFile; fileRef = 29DEF9772A015FB800AC2338 /* ProfileVM.swift */; };
		29DEF97B2A017E4100AC2338 /* UserManager.swift in Sources */ = {isa = PBXBuildFile; fileRef = 29DEF97A2A017E4100AC2338 /* UserManager.swift */; };
		29DEF97D2A018AA800AC2338 /* DBUser.swift in Sources */ = {isa = PBXBuildFile; fileRef = 29DEF97C2A018AA800AC2338 /* DBUser.swift */; };
		29DEF97F2A018B1700AC2338 /* AuthDataResultModel.swift in Sources */ = {isa = PBXBuildFile; fileRef = 29DEF97E2A018B1700AC2338 /* AuthDataResultModel.swift */; };
		29E5F1112AB1D0AD00BABDCC /* BottomBarTextField.swift in Sources */ = {isa = PBXBuildFile; fileRef = 29E5F1102AB1D0AD00BABDCC /* BottomBarTextField.swift */; };
		29EEA5FD29F54AED00CC47F2 /* SignInParent.swift in Sources */ = {isa = PBXBuildFile; fileRef = 29EEA5FC29F54AED00CC47F2 /* SignInParent.swift */; };
		29EEA5FF29F54AFD00CC47F2 /* SignUpView.swift in Sources */ = {isa = PBXBuildFile; fileRef = 29EEA5FE29F54AFD00CC47F2 /* SignUpView.swift */; };
/* End PBXBuildFile section */

/* Begin PBXFileReference section */
		292815CF29F41748007EB6E0 /* BudgetVM.swift */ = {isa = PBXFileReference; lastKnownFileType = sourcecode.swift; path = BudgetVM.swift; sourceTree = "<group>"; };
		292EDEFE2AB0FECB00E04723 /* Routes.swift */ = {isa = PBXFileReference; lastKnownFileType = sourcecode.swift; path = Routes.swift; sourceTree = "<group>"; };
		293A4D0029F1701E008AFECA /* GoogleService-Info.plist */ = {isa = PBXFileReference; fileEncoding = 4; lastKnownFileType = text.plist.xml; path = "GoogleService-Info.plist"; sourceTree = "<group>"; };
		293A4D0929F1778D008AFECA /* AppDelegate.swift */ = {isa = PBXFileReference; lastKnownFileType = sourcecode.swift; path = AppDelegate.swift; sourceTree = "<group>"; };
		293A4D0B29F17E6E008AFECA /* AddExpenseView.swift */ = {isa = PBXFileReference; lastKnownFileType = sourcecode.swift; path = AddExpenseView.swift; sourceTree = "<group>"; };
		293A4D0D29F197A3008AFECA /* ExpensesVM.swift */ = {isa = PBXFileReference; lastKnownFileType = sourcecode.swift; path = ExpensesVM.swift; sourceTree = "<group>"; };
		295D28B929EF337F008D9D7F /* ExpensesLedger.app */ = {isa = PBXFileReference; explicitFileType = wrapper.application; includeInIndex = 0; path = ExpensesLedger.app; sourceTree = BUILT_PRODUCTS_DIR; };
		295D28BC29EF337F008D9D7F /* ExpensesLedgerApp.swift */ = {isa = PBXFileReference; lastKnownFileType = sourcecode.swift; path = ExpensesLedgerApp.swift; sourceTree = "<group>"; };
		295D28BE29EF337F008D9D7F /* ContentView.swift */ = {isa = PBXFileReference; lastKnownFileType = sourcecode.swift; path = ContentView.swift; sourceTree = "<group>"; };
		295D28C029EF3380008D9D7F /* Assets.xcassets */ = {isa = PBXFileReference; lastKnownFileType = folder.assetcatalog; path = Assets.xcassets; sourceTree = "<group>"; };
		295D28C329EF3380008D9D7F /* Preview Assets.xcassets */ = {isa = PBXFileReference; lastKnownFileType = folder.assetcatalog; path = "Preview Assets.xcassets"; sourceTree = "<group>"; };
		295D28CA29EF37FB008D9D7F /* BudgetProgressBar.swift */ = {isa = PBXFileReference; lastKnownFileType = sourcecode.swift; path = BudgetProgressBar.swift; sourceTree = "<group>"; };
		295D28CC29EF476B008D9D7F /* Expense.swift */ = {isa = PBXFileReference; lastKnownFileType = sourcecode.swift; path = Expense.swift; sourceTree = "<group>"; };
		297EDFC82A0A5E9D00BF2221 /* PasswordField.swift */ = {isa = PBXFileReference; lastKnownFileType = sourcecode.swift; path = PasswordField.swift; sourceTree = "<group>"; };
		299EE44229F81D2D008217F7 /* AuthenticationManager.swift */ = {isa = PBXFileReference; lastKnownFileType = sourcecode.swift; path = AuthenticationManager.swift; sourceTree = "<group>"; };
		299EE44429F82034008217F7 /* OnboardingViewModel.swift */ = {isa = PBXFileReference; lastKnownFileType = sourcecode.swift; path = OnboardingViewModel.swift; sourceTree = "<group>"; };
		299EE44829F965C0008217F7 /* NavigationVM.swift */ = {isa = PBXFileReference; lastKnownFileType = sourcecode.swift; path = NavigationVM.swift; sourceTree = "<group>"; };
		299EE44A29FA926F008217F7 /* Sidebar.swift */ = {isa = PBXFileReference; lastKnownFileType = sourcecode.swift; path = Sidebar.swift; sourceTree = "<group>"; };
		29A11CFB2A05662500773B85 /* ForgotPasswordView.swift */ = {isa = PBXFileReference; lastKnownFileType = sourcecode.swift; path = ForgotPasswordView.swift; sourceTree = "<group>"; };
		29A11CFD2A056FCD00773B85 /* NavigationConstants.swift */ = {isa = PBXFileReference; lastKnownFileType = sourcecode.swift; path = NavigationConstants.swift; sourceTree = "<group>"; };
		29A11CFF2A05758000773B85 /* ExpenseDetailsView.swift */ = {isa = PBXFileReference; lastKnownFileType = sourcecode.swift; path = ExpenseDetailsView.swift; sourceTree = "<group>"; };
		29B75C4029FE8E69003923C4 /* ActivityView.swift */ = {isa = PBXFileReference; lastKnownFileType = sourcecode.swift; path = ActivityView.swift; sourceTree = "<group>"; };
		29DEF9772A015FB800AC2338 /* ProfileVM.swift */ = {isa = PBXFileReference; lastKnownFileType = sourcecode.swift; path = ProfileVM.swift; sourceTree = "<group>"; };
		29DEF97A2A017E4100AC2338 /* UserManager.swift */ = {isa = PBXFileReference; lastKnownFileType = sourcecode.swift; path = UserManager.swift; sourceTree = "<group>"; };
		29DEF97C2A018AA800AC2338 /* DBUser.swift */ = {isa = PBXFileReference; lastKnownFileType = sourcecode.swift; path = DBUser.swift; sourceTree = "<group>"; };
		29DEF97E2A018B1700AC2338 /* AuthDataResultModel.swift */ = {isa = PBXFileReference; lastKnownFileType = sourcecode.swift; path = AuthDataResultModel.swift; sourceTree = "<group>"; };
		29E5F1102AB1D0AD00BABDCC /* BottomBarTextField.swift */ = {isa = PBXFileReference; lastKnownFileType = sourcecode.swift; path = BottomBarTextField.swift; sourceTree = "<group>"; };
		29EEA5FC29F54AED00CC47F2 /* SignInParent.swift */ = {isa = PBXFileReference; lastKnownFileType = sourcecode.swift; path = SignInParent.swift; sourceTree = "<group>"; };
		29EEA5FE29F54AFD00CC47F2 /* SignUpView.swift */ = {isa = PBXFileReference; lastKnownFileType = sourcecode.swift; path = SignUpView.swift; sourceTree = "<group>"; };
/* End PBXFileReference section */

/* Begin PBXFrameworksBuildPhase section */
		295D28B629EF337F008D9D7F /* Frameworks */ = {
			isa = PBXFrameworksBuildPhase;
			buildActionMask = 2147483647;
			files = (
				293A4D0429F175C5008AFECA /* FirebaseAnalytics in Frameworks */,
				293A4D0629F175C5008AFECA /* FirebaseAuth in Frameworks */,
				293A4D0829F175C5008AFECA /* FirebaseFirestore in Frameworks */,
			);
			runOnlyForDeploymentPostprocessing = 0;
		};
/* End PBXFrameworksBuildPhase section */

/* Begin PBXGroup section */
		292EDEF32AB0CDAB00E04723 /* Source */ = {
			isa = PBXGroup;
			children = (
				292EDEFD2AB0D09100E04723 /* Profile */,
				292EDEFC2AB0D03300E04723 /* Navigation */,
				292EDEF52AB0CE2200E04723 /* Dashboard */,
				292EDEF42AB0CE1600E04723 /* Onboarding */,
				29DEF9792A017D9700AC2338 /* FirebaseManager */,
			);
			path = Source;
			sourceTree = "<group>";
		};
		292EDEF42AB0CE1600E04723 /* Onboarding */ = {
			isa = PBXGroup;
			children = (
				29E5F1122AB1D23300BABDCC /* Reuseable Views */,
				292EDEFB2AB0CF6100E04723 /* ViewModels */,
				292EDEFA2AB0CF5700E04723 /* Models */,
				292EDEF92AB0CF4F00E04723 /* Views */,
			);
			path = Onboarding;
			sourceTree = "<group>";
		};
		292EDEF52AB0CE2200E04723 /* Dashboard */ = {
			isa = PBXGroup;
			children = (
				292EDEF82AB0CE5F00E04723 /* ViewModels */,
				292EDEF72AB0CE5700E04723 /* Models */,
				292EDEF62AB0CE4E00E04723 /* Views */,
			);
			path = Dashboard;
			sourceTree = "<group>";
		};
		292EDEF62AB0CE4E00E04723 /* Views */ = {
			isa = PBXGroup;
			children = (
				295D28BE29EF337F008D9D7F /* ContentView.swift */,
				299EE44A29FA926F008217F7 /* Sidebar.swift */,
				293A4D0B29F17E6E008AFECA /* AddExpenseView.swift */,
				29A11CFF2A05758000773B85 /* ExpenseDetailsView.swift */,
				295D28CA29EF37FB008D9D7F /* BudgetProgressBar.swift */,
				29B75C4029FE8E69003923C4 /* ActivityView.swift */,
			);
			path = Views;
			sourceTree = "<group>";
		};
		292EDEF72AB0CE5700E04723 /* Models */ = {
			isa = PBXGroup;
			children = (
				295D28CC29EF476B008D9D7F /* Expense.swift */,
			);
			path = Models;
			sourceTree = "<group>";
		};
		292EDEF82AB0CE5F00E04723 /* ViewModels */ = {
			isa = PBXGroup;
			children = (
				292815CF29F41748007EB6E0 /* BudgetVM.swift */,
				293A4D0D29F197A3008AFECA /* ExpensesVM.swift */,
			);
			path = ViewModels;
			sourceTree = "<group>";
		};
		292EDEF92AB0CF4F00E04723 /* Views */ = {
			isa = PBXGroup;
			children = (
				29EEA5FC29F54AED00CC47F2 /* SignInParent.swift */,
				29EEA5FE29F54AFD00CC47F2 /* SignUpView.swift */,
				29A11CFB2A05662500773B85 /* ForgotPasswordView.swift */,
			);
			path = Views;
			sourceTree = "<group>";
		};
		292EDEFA2AB0CF5700E04723 /* Models */ = {
			isa = PBXGroup;
			children = (
				29DEF97E2A018B1700AC2338 /* AuthDataResultModel.swift */,
				29DEF97C2A018AA800AC2338 /* DBUser.swift */,
			);
			path = Models;
			sourceTree = "<group>";
		};
		292EDEFB2AB0CF6100E04723 /* ViewModels */ = {
			isa = PBXGroup;
			children = (
				299EE44429F82034008217F7 /* OnboardingViewModel.swift */,
			);
			path = ViewModels;
			sourceTree = "<group>";
		};
		292EDEFC2AB0D03300E04723 /* Navigation */ = {
			isa = PBXGroup;
			children = (
				299EE44829F965C0008217F7 /* NavigationVM.swift */,
				29A11CFD2A056FCD00773B85 /* NavigationConstants.swift */,
				292EDEFE2AB0FECB00E04723 /* Routes.swift */,
			);
			path = Navigation;
			sourceTree = "<group>";
		};
		292EDEFD2AB0D09100E04723 /* Profile */ = {
			isa = PBXGroup;
			children = (
				29DEF9772A015FB800AC2338 /* ProfileVM.swift */,
			);
			path = Profile;
			sourceTree = "<group>";
		};
		295D28B029EF337F008D9D7F = {
			isa = PBXGroup;
			children = (
				295D28BB29EF337F008D9D7F /* ExpensesLedger */,
				295D28BA29EF337F008D9D7F /* Products */,
			);
			sourceTree = "<group>";
		};
		295D28BA29EF337F008D9D7F /* Products */ = {
			isa = PBXGroup;
			children = (
				295D28B929EF337F008D9D7F /* ExpensesLedger.app */,
			);
			name = Products;
			sourceTree = "<group>";
		};
		295D28BB29EF337F008D9D7F /* ExpensesLedger */ = {
			isa = PBXGroup;
			children = (
				292EDEF32AB0CDAB00E04723 /* Source */,
				295D28BC29EF337F008D9D7F /* ExpensesLedgerApp.swift */,
				293A4D0929F1778D008AFECA /* AppDelegate.swift */,
				293A4D0029F1701E008AFECA /* GoogleService-Info.plist */,
				295D28C029EF3380008D9D7F /* Assets.xcassets */,
				295D28C229EF3380008D9D7F /* Preview Content */,
			);
			path = ExpensesLedger;
			sourceTree = "<group>";
		};
		295D28C229EF3380008D9D7F /* Preview Content */ = {
			isa = PBXGroup;
			children = (
				295D28C329EF3380008D9D7F /* Preview Assets.xcassets */,
			);
			path = "Preview Content";
			sourceTree = "<group>";
		};
		29DEF9792A017D9700AC2338 /* FirebaseManager */ = {
			isa = PBXGroup;
			children = (
				299EE44229F81D2D008217F7 /* AuthenticationManager.swift */,
				29DEF97A2A017E4100AC2338 /* UserManager.swift */,
			);
			path = FirebaseManager;
			sourceTree = "<group>";
		};
		29E5F1122AB1D23300BABDCC /* Reuseable Views */ = {
			isa = PBXGroup;
			children = (
				29E5F1102AB1D0AD00BABDCC /* BottomBarTextField.swift */,
				297EDFC82A0A5E9D00BF2221 /* PasswordField.swift */,
			);
			path = "Reuseable Views";
			sourceTree = "<group>";
		};
/* End PBXGroup section */

/* Begin PBXNativeTarget section */
		295D28B829EF337F008D9D7F /* ExpensesLedger */ = {
			isa = PBXNativeTarget;
			buildConfigurationList = 295D28C729EF3380008D9D7F /* Build configuration list for PBXNativeTarget "ExpensesLedger" */;
			buildPhases = (
				295D28B529EF337F008D9D7F /* Sources */,
				295D28B629EF337F008D9D7F /* Frameworks */,
				295D28B729EF337F008D9D7F /* Resources */,
			);
			buildRules = (
			);
			dependencies = (
			);
			name = ExpensesLedger;
			packageProductDependencies = (
				293A4D0329F175C5008AFECA /* FirebaseAnalytics */,
				293A4D0529F175C5008AFECA /* FirebaseAuth */,
				293A4D0729F175C5008AFECA /* FirebaseFirestore */,
			);
			productName = ExpensesLedger;
			productReference = 295D28B929EF337F008D9D7F /* ExpensesLedger.app */;
			productType = "com.apple.product-type.application";
		};
/* End PBXNativeTarget section */

/* Begin PBXProject section */
		295D28B129EF337F008D9D7F /* Project object */ = {
			isa = PBXProject;
			attributes = {
				BuildIndependentTargetsInParallel = 1;
				LastSwiftUpdateCheck = 1400;
				LastUpgradeCheck = 1400;
				TargetAttributes = {
					295D28B829EF337F008D9D7F = {
						CreatedOnToolsVersion = 14.0;
					};
				};
			};
			buildConfigurationList = 295D28B429EF337F008D9D7F /* Build configuration list for PBXProject "ExpensesLedger" */;
			compatibilityVersion = "Xcode 14.0";
			developmentRegion = en;
			hasScannedForEncodings = 0;
			knownRegions = (
				en,
				Base,
			);
			mainGroup = 295D28B029EF337F008D9D7F;
			packageReferences = (
				293A4D0229F175C5008AFECA /* XCRemoteSwiftPackageReference "firebase-ios-sdk" */,
			);
			productRefGroup = 295D28BA29EF337F008D9D7F /* Products */;
			projectDirPath = "";
			projectRoot = "";
			targets = (
				295D28B829EF337F008D9D7F /* ExpensesLedger */,
			);
		};
/* End PBXProject section */

/* Begin PBXResourcesBuildPhase section */
		295D28B729EF337F008D9D7F /* Resources */ = {
			isa = PBXResourcesBuildPhase;
			buildActionMask = 2147483647;
			files = (
				295D28C429EF3380008D9D7F /* Preview Assets.xcassets in Resources */,
				295D28C129EF3380008D9D7F /* Assets.xcassets in Resources */,
				293A4D0129F1701E008AFECA /* GoogleService-Info.plist in Resources */,
			);
			runOnlyForDeploymentPostprocessing = 0;
		};
/* End PBXResourcesBuildPhase section */

/* Begin PBXSourcesBuildPhase section */
		295D28B529EF337F008D9D7F /* Sources */ = {
			isa = PBXSourcesBuildPhase;
			buildActionMask = 2147483647;
			files = (
				295D28CD29EF476B008D9D7F /* Expense.swift in Sources */,
				292EDEFF2AB0FECB00E04723 /* Routes.swift in Sources */,
				295D28BF29EF337F008D9D7F /* ContentView.swift in Sources */,
				299EE44329F81D2D008217F7 /* AuthenticationManager.swift in Sources */,
				292815D029F41748007EB6E0 /* BudgetVM.swift in Sources */,
				29A11D002A05758000773B85 /* ExpenseDetailsView.swift in Sources */,
				29EEA5FD29F54AED00CC47F2 /* SignInParent.swift in Sources */,
				295D28BD29EF337F008D9D7F /* ExpensesLedgerApp.swift in Sources */,
				299EE44929F965C0008217F7 /* NavigationVM.swift in Sources */,
				293A4D0C29F17E6E008AFECA /* AddExpenseView.swift in Sources */,
				29B75C4129FE8E69003923C4 /* ActivityView.swift in Sources */,
				29EEA5FF29F54AFD00CC47F2 /* SignUpView.swift in Sources */,
				293A4D0A29F1778D008AFECA /* AppDelegate.swift in Sources */,
				299EE44529F82034008217F7 /* OnboardingViewModel.swift in Sources */,
				29DEF97D2A018AA800AC2338 /* DBUser.swift in Sources */,
				293A4D0E29F197A3008AFECA /* ExpensesVM.swift in Sources */,
				297EDFC92A0A5E9D00BF2221 /* PasswordField.swift in Sources */,
				29A11CFE2A056FCD00773B85 /* NavigationConstants.swift in Sources */,
				299EE44B29FA926F008217F7 /* Sidebar.swift in Sources */,
				29DEF9782A015FB800AC2338 /* ProfileVM.swift in Sources */,
				295D28CB29EF37FB008D9D7F /* BudgetProgressBar.swift in Sources */,
				29E5F1112AB1D0AD00BABDCC /* BottomBarTextField.swift in Sources */,
				29DEF97B2A017E4100AC2338 /* UserManager.swift in Sources */,
				29A11CFC2A05662500773B85 /* ForgotPasswordView.swift in Sources */,
				29DEF97F2A018B1700AC2338 /* AuthDataResultModel.swift in Sources */,
			);
			runOnlyForDeploymentPostprocessing = 0;
		};
/* End PBXSourcesBuildPhase section */

/* Begin XCBuildConfiguration section */
		295D28C529EF3380008D9D7F /* Debug */ = {
			isa = XCBuildConfiguration;
			buildSettings = {
				ALWAYS_SEARCH_USER_PATHS = NO;
				CLANG_ANALYZER_NONNULL = YES;
				CLANG_ANALYZER_NUMBER_OBJECT_CONVERSION = YES_AGGRESSIVE;
				CLANG_CXX_LANGUAGE_STANDARD = "gnu++20";
				CLANG_ENABLE_MODULES = YES;
				CLANG_ENABLE_OBJC_ARC = YES;
				CLANG_ENABLE_OBJC_WEAK = YES;
				CLANG_WARN_BLOCK_CAPTURE_AUTORELEASING = YES;
				CLANG_WARN_BOOL_CONVERSION = YES;
				CLANG_WARN_COMMA = YES;
				CLANG_WARN_CONSTANT_CONVERSION = YES;
				CLANG_WARN_DEPRECATED_OBJC_IMPLEMENTATIONS = YES;
				CLANG_WARN_DIRECT_OBJC_ISA_USAGE = YES_ERROR;
				CLANG_WARN_DOCUMENTATION_COMMENTS = YES;
				CLANG_WARN_EMPTY_BODY = YES;
				CLANG_WARN_ENUM_CONVERSION = YES;
				CLANG_WARN_INFINITE_RECURSION = YES;
				CLANG_WARN_INT_CONVERSION = YES;
				CLANG_WARN_NON_LITERAL_NULL_CONVERSION = YES;
				CLANG_WARN_OBJC_IMPLICIT_RETAIN_SELF = YES;
				CLANG_WARN_OBJC_LITERAL_CONVERSION = YES;
				CLANG_WARN_OBJC_ROOT_CLASS = YES_ERROR;
				CLANG_WARN_QUOTED_INCLUDE_IN_FRAMEWORK_HEADER = YES;
				CLANG_WARN_RANGE_LOOP_ANALYSIS = YES;
				CLANG_WARN_STRICT_PROTOTYPES = YES;
				CLANG_WARN_SUSPICIOUS_MOVE = YES;
				CLANG_WARN_UNGUARDED_AVAILABILITY = YES_AGGRESSIVE;
				CLANG_WARN_UNREACHABLE_CODE = YES;
				CLANG_WARN__DUPLICATE_METHOD_MATCH = YES;
				COPY_PHASE_STRIP = NO;
				DEBUG_INFORMATION_FORMAT = dwarf;
				ENABLE_STRICT_OBJC_MSGSEND = YES;
				ENABLE_TESTABILITY = YES;
				GCC_C_LANGUAGE_STANDARD = gnu11;
				GCC_DYNAMIC_NO_PIC = NO;
				GCC_NO_COMMON_BLOCKS = YES;
				GCC_OPTIMIZATION_LEVEL = 0;
				GCC_PREPROCESSOR_DEFINITIONS = (
					"DEBUG=1",
					"$(inherited)",
				);
				GCC_WARN_64_TO_32_BIT_CONVERSION = YES;
				GCC_WARN_ABOUT_RETURN_TYPE = YES_ERROR;
				GCC_WARN_UNDECLARED_SELECTOR = YES;
				GCC_WARN_UNINITIALIZED_AUTOS = YES_AGGRESSIVE;
				GCC_WARN_UNUSED_FUNCTION = YES;
				GCC_WARN_UNUSED_VARIABLE = YES;
				IPHONEOS_DEPLOYMENT_TARGET = 16.0;
				MTL_ENABLE_DEBUG_INFO = INCLUDE_SOURCE;
				MTL_FAST_MATH = YES;
				ONLY_ACTIVE_ARCH = YES;
				SDKROOT = iphoneos;
				SWIFT_ACTIVE_COMPILATION_CONDITIONS = DEBUG;
				SWIFT_OPTIMIZATION_LEVEL = "-Onone";
			};
			name = Debug;
		};
		295D28C629EF3380008D9D7F /* Release */ = {
			isa = XCBuildConfiguration;
			buildSettings = {
				ALWAYS_SEARCH_USER_PATHS = NO;
				CLANG_ANALYZER_NONNULL = YES;
				CLANG_ANALYZER_NUMBER_OBJECT_CONVERSION = YES_AGGRESSIVE;
				CLANG_CXX_LANGUAGE_STANDARD = "gnu++20";
				CLANG_ENABLE_MODULES = YES;
				CLANG_ENABLE_OBJC_ARC = YES;
				CLANG_ENABLE_OBJC_WEAK = YES;
				CLANG_WARN_BLOCK_CAPTURE_AUTORELEASING = YES;
				CLANG_WARN_BOOL_CONVERSION = YES;
				CLANG_WARN_COMMA = YES;
				CLANG_WARN_CONSTANT_CONVERSION = YES;
				CLANG_WARN_DEPRECATED_OBJC_IMPLEMENTATIONS = YES;
				CLANG_WARN_DIRECT_OBJC_ISA_USAGE = YES_ERROR;
				CLANG_WARN_DOCUMENTATION_COMMENTS = YES;
				CLANG_WARN_EMPTY_BODY = YES;
				CLANG_WARN_ENUM_CONVERSION = YES;
				CLANG_WARN_INFINITE_RECURSION = YES;
				CLANG_WARN_INT_CONVERSION = YES;
				CLANG_WARN_NON_LITERAL_NULL_CONVERSION = YES;
				CLANG_WARN_OBJC_IMPLICIT_RETAIN_SELF = YES;
				CLANG_WARN_OBJC_LITERAL_CONVERSION = YES;
				CLANG_WARN_OBJC_ROOT_CLASS = YES_ERROR;
				CLANG_WARN_QUOTED_INCLUDE_IN_FRAMEWORK_HEADER = YES;
				CLANG_WARN_RANGE_LOOP_ANALYSIS = YES;
				CLANG_WARN_STRICT_PROTOTYPES = YES;
				CLANG_WARN_SUSPICIOUS_MOVE = YES;
				CLANG_WARN_UNGUARDED_AVAILABILITY = YES_AGGRESSIVE;
				CLANG_WARN_UNREACHABLE_CODE = YES;
				CLANG_WARN__DUPLICATE_METHOD_MATCH = YES;
				COPY_PHASE_STRIP = NO;
				DEBUG_INFORMATION_FORMAT = "dwarf-with-dsym";
				ENABLE_NS_ASSERTIONS = NO;
				ENABLE_STRICT_OBJC_MSGSEND = YES;
				GCC_C_LANGUAGE_STANDARD = gnu11;
				GCC_NO_COMMON_BLOCKS = YES;
				GCC_WARN_64_TO_32_BIT_CONVERSION = YES;
				GCC_WARN_ABOUT_RETURN_TYPE = YES_ERROR;
				GCC_WARN_UNDECLARED_SELECTOR = YES;
				GCC_WARN_UNINITIALIZED_AUTOS = YES_AGGRESSIVE;
				GCC_WARN_UNUSED_FUNCTION = YES;
				GCC_WARN_UNUSED_VARIABLE = YES;
				IPHONEOS_DEPLOYMENT_TARGET = 16.0;
				MTL_ENABLE_DEBUG_INFO = NO;
				MTL_FAST_MATH = YES;
				SDKROOT = iphoneos;
				SWIFT_COMPILATION_MODE = wholemodule;
				SWIFT_OPTIMIZATION_LEVEL = "-O";
				VALIDATE_PRODUCT = YES;
			};
			name = Release;
		};
		295D28C829EF3380008D9D7F /* Debug */ = {
			isa = XCBuildConfiguration;
			buildSettings = {
				ASSETCATALOG_COMPILER_APPICON_NAME = AppIcon;
				ASSETCATALOG_COMPILER_GLOBAL_ACCENT_COLOR_NAME = AccentColor;
				CODE_SIGN_STYLE = Automatic;
				CURRENT_PROJECT_VERSION = 1;
				DEVELOPMENT_ASSET_PATHS = "\"ExpensesLedger/Preview Content\"";
				ENABLE_PREVIEWS = YES;
				GENERATE_INFOPLIST_FILE = YES;
				INFOPLIST_KEY_UIApplicationSceneManifest_Generation = YES;
				INFOPLIST_KEY_UIApplicationSupportsIndirectInputEvents = YES;
				INFOPLIST_KEY_UILaunchScreen_Generation = YES;
				INFOPLIST_KEY_UISupportedInterfaceOrientations_iPad = "UIInterfaceOrientationPortrait UIInterfaceOrientationPortraitUpsideDown UIInterfaceOrientationLandscapeLeft UIInterfaceOrientationLandscapeRight";
				INFOPLIST_KEY_UISupportedInterfaceOrientations_iPhone = "UIInterfaceOrientationPortrait UIInterfaceOrientationLandscapeLeft UIInterfaceOrientationLandscapeRight";
				IPHONEOS_DEPLOYMENT_TARGET = 16.0;
				LD_RUNPATH_SEARCH_PATHS = (
					"$(inherited)",
					"@executable_path/Frameworks",
				);
				MARKETING_VERSION = 1.0;
				PRODUCT_BUNDLE_IDENTIFIER = com.nas.ExpensesLedger;
				PRODUCT_NAME = "$(TARGET_NAME)";
				SWIFT_EMIT_LOC_STRINGS = YES;
				SWIFT_VERSION = 5.0;
				TARGETED_DEVICE_FAMILY = "1,2";
			};
			name = Debug;
		};
		295D28C929EF3380008D9D7F /* Release */ = {
			isa = XCBuildConfiguration;
			buildSettings = {
				ASSETCATALOG_COMPILER_APPICON_NAME = AppIcon;
				ASSETCATALOG_COMPILER_GLOBAL_ACCENT_COLOR_NAME = AccentColor;
				CODE_SIGN_STYLE = Automatic;
				CURRENT_PROJECT_VERSION = 1;
				DEVELOPMENT_ASSET_PATHS = "\"ExpensesLedger/Preview Content\"";
				ENABLE_PREVIEWS = YES;
				GENERATE_INFOPLIST_FILE = YES;
				INFOPLIST_KEY_UIApplicationSceneManifest_Generation = YES;
				INFOPLIST_KEY_UIApplicationSupportsIndirectInputEvents = YES;
				INFOPLIST_KEY_UILaunchScreen_Generation = YES;
				INFOPLIST_KEY_UISupportedInterfaceOrientations_iPad = "UIInterfaceOrientationPortrait UIInterfaceOrientationPortraitUpsideDown UIInterfaceOrientationLandscapeLeft UIInterfaceOrientationLandscapeRight";
				INFOPLIST_KEY_UISupportedInterfaceOrientations_iPhone = "UIInterfaceOrientationPortrait UIInterfaceOrientationLandscapeLeft UIInterfaceOrientationLandscapeRight";
				IPHONEOS_DEPLOYMENT_TARGET = 16.0;
				LD_RUNPATH_SEARCH_PATHS = (
					"$(inherited)",
					"@executable_path/Frameworks",
				);
				MARKETING_VERSION = 1.0;
				PRODUCT_BUNDLE_IDENTIFIER = com.nas.ExpensesLedger;
				PRODUCT_NAME = "$(TARGET_NAME)";
				SWIFT_EMIT_LOC_STRINGS = YES;
				SWIFT_VERSION = 5.0;
				TARGETED_DEVICE_FAMILY = "1,2";
			};
			name = Release;
		};
/* End XCBuildConfiguration section */

/* Begin XCConfigurationList section */
		295D28B429EF337F008D9D7F /* Build configuration list for PBXProject "ExpensesLedger" */ = {
			isa = XCConfigurationList;
			buildConfigurations = (
				295D28C529EF3380008D9D7F /* Debug */,
				295D28C629EF3380008D9D7F /* Release */,
			);
			defaultConfigurationIsVisible = 0;
			defaultConfigurationName = Release;
		};
		295D28C729EF3380008D9D7F /* Build configuration list for PBXNativeTarget "ExpensesLedger" */ = {
			isa = XCConfigurationList;
			buildConfigurations = (
				295D28C829EF3380008D9D7F /* Debug */,
				295D28C929EF3380008D9D7F /* Release */,
			);
			defaultConfigurationIsVisible = 0;
			defaultConfigurationName = Release;
		};
/* End XCConfigurationList section */

/* Begin XCRemoteSwiftPackageReference section */
		293A4D0229F175C5008AFECA /* XCRemoteSwiftPackageReference "firebase-ios-sdk" */ = {
			isa = XCRemoteSwiftPackageReference;
			repositoryURL = "https://github.com/firebase/firebase-ios-sdk";
			requirement = {
				kind = upToNextMajorVersion;
				minimumVersion = 9.0.0;
			};
		};
/* End XCRemoteSwiftPackageReference section */

/* Begin XCSwiftPackageProductDependency section */
		293A4D0329F175C5008AFECA /* FirebaseAnalytics */ = {
			isa = XCSwiftPackageProductDependency;
			package = 293A4D0229F175C5008AFECA /* XCRemoteSwiftPackageReference "firebase-ios-sdk" */;
			productName = FirebaseAnalytics;
		};
		293A4D0529F175C5008AFECA /* FirebaseAuth */ = {
			isa = XCSwiftPackageProductDependency;
			package = 293A4D0229F175C5008AFECA /* XCRemoteSwiftPackageReference "firebase-ios-sdk" */;
			productName = FirebaseAuth;
		};
		293A4D0729F175C5008AFECA /* FirebaseFirestore */ = {
			isa = XCSwiftPackageProductDependency;
			package = 293A4D0229F175C5008AFECA /* XCRemoteSwiftPackageReference "firebase-ios-sdk" */;
			productName = FirebaseFirestore;
		};
/* End XCSwiftPackageProductDependency section */
	};
	rootObject = 295D28B129EF337F008D9D7F /* Project object */;
}
